# THIS IS AN AUTOGENERATED FILE. DO NOT EDIT THIS FILE DIRECTLY.
# yarn lockfile v1


"@algolia/cache-browser-local-storage@4.8.5":
  version "4.8.5"
  resolved "https://registry.yarnpkg.com/@algolia/cache-browser-local-storage/-/cache-browser-local-storage-4.8.5.tgz#3eb10758c794d3cc8fc4e9f09e339d5b9589dc9c"
  integrity sha512-9rs/Yi82ilgifweJamOy4DlJ4xPGsCN/zg+RKy4vjytNhOrkEHLRQC8vPZ3OhD8KVlw9lRQIZTlgjgFl8iMeeA==
  dependencies:
    "@algolia/cache-common" "4.8.5"

"@algolia/cache-common@4.8.5":
  version "4.8.5"
  resolved "https://registry.yarnpkg.com/@algolia/cache-common/-/cache-common-4.8.5.tgz#86f8a6878bd2fc5c8d889e48d18d3033faa0bcd8"
  integrity sha512-4SvRWnagKtwBFAy8Rsfmv0/Uk53fZL+6dy2idwdx6SjMGKSs0y1Qv+thb4h/k/H5MONisAoT9C2rgZ/mqwh5yw==

"@algolia/cache-in-memory@4.8.5":
  version "4.8.5"
  resolved "https://registry.yarnpkg.com/@algolia/cache-in-memory/-/cache-in-memory-4.8.5.tgz#13055d54775f99aa4e1ce051e73079d0f207a3e6"
  integrity sha512-XBBfqs28FbjwLboY3sxvuzBgYsuXdFsj2mUvkgxfb0GVEzwW4I0NM7KzSPwT+iht55WS1PgIOnynjmhPsrubCw==
  dependencies:
    "@algolia/cache-common" "4.8.5"

"@algolia/client-account@4.8.5":
  version "4.8.5"
  resolved "https://registry.yarnpkg.com/@algolia/client-account/-/client-account-4.8.5.tgz#92df1dd0a7bea06e329873c7098c72cc4dd8e9d6"
  integrity sha512-DjXMpeCdY4J4IDBfowiG6Xl9ec/FhG1NpPQM0Uv4xXsc/TeeZ1JgbgNDhWe9jW0jBEALy+a/RmPrZ0vsxcadsg==
  dependencies:
    "@algolia/client-common" "4.8.5"
    "@algolia/client-search" "4.8.5"
    "@algolia/transporter" "4.8.5"

"@algolia/client-analytics@4.8.5":
  version "4.8.5"
  resolved "https://registry.yarnpkg.com/@algolia/client-analytics/-/client-analytics-4.8.5.tgz#1aa731a146b347022a0a9e0eb009f2b2f8d9825f"
  integrity sha512-PQEY+chbHmZnRJdaWsvUYzDpEPr60az0EPUexdouvXGZId15/SnDaXjnf89F7tYmCzkHdUtG4bSvPzAupQ4AFA==
  dependencies:
    "@algolia/client-common" "4.8.5"
    "@algolia/client-search" "4.8.5"
    "@algolia/requester-common" "4.8.5"
    "@algolia/transporter" "4.8.5"

"@algolia/client-common@4.8.5":
  version "4.8.5"
  resolved "https://registry.yarnpkg.com/@algolia/client-common/-/client-common-4.8.5.tgz#77e5d9bbfcb421fa8812cdd91943961c64793148"
  integrity sha512-Dn8vog2VrGsJeOcBMcSAEIjBtPyogzUBGlh1DtVd0m8GN6q+cImCESl6DY846M2PTYWsLBKBksq37eUfSe9FxQ==
  dependencies:
    "@algolia/requester-common" "4.8.5"
    "@algolia/transporter" "4.8.5"

"@algolia/client-recommendation@4.8.5":
  version "4.8.5"
  resolved "https://registry.yarnpkg.com/@algolia/client-recommendation/-/client-recommendation-4.8.5.tgz#f02f8f8ff3983597cae677ec0bc3eb01ae26121a"
  integrity sha512-ffawCC1C25rCa8/JU2niRZgwr8aV9b2qsLVMo73GXFzi2lceXPAe9K68mt/BGHU+w7PFUwVHsV2VmB+G/HQRVw==
  dependencies:
    "@algolia/client-common" "4.8.5"
    "@algolia/requester-common" "4.8.5"
    "@algolia/transporter" "4.8.5"

"@algolia/client-search@4.8.5":
  version "4.8.5"
  resolved "https://registry.yarnpkg.com/@algolia/client-search/-/client-search-4.8.5.tgz#970a5c91847822dbd82565f97bd2a0c37a5d56e6"
  integrity sha512-Ru2MljGZWrSQ0CVsDla11oGEPL/RinmVkLJfBtQ+/pk1868VfpAQFGKtOS/b8/xLrMA0Vm4EfC3Mgclk/p3KJA==
  dependencies:
    "@algolia/client-common" "4.8.5"
    "@algolia/requester-common" "4.8.5"
    "@algolia/transporter" "4.8.5"

"@algolia/logger-common@4.8.5":
  version "4.8.5"
  resolved "https://registry.yarnpkg.com/@algolia/logger-common/-/logger-common-4.8.5.tgz#ef275c532c21424f4b29b26ec2e27de2c973ad95"
  integrity sha512-PS6NS6bpED0rAxgCPGhjZJg9why0PnoVEE7ZoCbPq6lsAOc6FPlQLri4OiLyU7wx8RWDoVtOadyzulqAAsfPSQ==

"@algolia/logger-console@4.8.5":
  version "4.8.5"
  resolved "https://registry.yarnpkg.com/@algolia/logger-console/-/logger-console-4.8.5.tgz#8fe547fdcf76574963503f7c4ff2673e792ae886"
  integrity sha512-3+4gLSbwzuGmrb5go3IZNcFIYVMSbB4c8UMtWEJ/gDBtgGZIvT6f/KlvVSOHIhthSxaM3Y13V6Qile/SpGqc6A==
  dependencies:
    "@algolia/logger-common" "4.8.5"

"@algolia/requester-browser-xhr@4.8.5":
  version "4.8.5"
  resolved "https://registry.yarnpkg.com/@algolia/requester-browser-xhr/-/requester-browser-xhr-4.8.5.tgz#95e01e2dca38358055f08440f46d4f0b9f735280"
  integrity sha512-M/Gf2vv/fU4+CqDW+wok7HPpEcLym3NtDzU9zaPzGYI/9X7o36581oyfnzt2pNfsXSQVj5a2pZVUWC3Z4SO27w==
  dependencies:
    "@algolia/requester-common" "4.8.5"

"@algolia/requester-common@4.8.5":
  version "4.8.5"
  resolved "https://registry.yarnpkg.com/@algolia/requester-common/-/requester-common-4.8.5.tgz#952dec3b36c14495af158914cd6c0e2c9ce72b5e"
  integrity sha512-OIhsdwIrJVAlVlP7cwlt+RoR5AmxAoTGrFokOY9imVmgqXUUljdKO/DjhRL8vwYGFEidZ9efIjAIQ2B3XOhT9A==

"@algolia/requester-node-http@4.8.5":
  version "4.8.5"
  resolved "https://registry.yarnpkg.com/@algolia/requester-node-http/-/requester-node-http-4.8.5.tgz#a1e5a6d23a9a4e78abd5a2416f1a6c232b0a7e14"
  integrity sha512-viHAjfo53A3VSE7Bb/nzgpSMZ3prPp2qti7Wg8w7qxhntppKp3Fln6t4Vp+BoPOqruLsj139xXhheAKeRcYa0w==
  dependencies:
    "@algolia/requester-common" "4.8.5"

"@algolia/transporter@4.8.5":
  version "4.8.5"
  resolved "https://registry.yarnpkg.com/@algolia/transporter/-/transporter-4.8.5.tgz#86f4e286cb4eba6e62f1c0393c33cc17ff262fa9"
  integrity sha512-Rb3cMlh/GoJK0+g+49GNA3IvR/EXsDEBwpyM+FOotSwxgiGt1wGBHM0K2v0GHwIEcuww02pl6KMDVlilA+qh0g==
  dependencies:
    "@algolia/cache-common" "4.8.5"
    "@algolia/logger-common" "4.8.5"
    "@algolia/requester-common" "4.8.5"

"@types/googlemaps@^3.39.6":
  version "3.43.3"
  resolved "https://registry.yarnpkg.com/@types/googlemaps/-/googlemaps-3.43.3.tgz#70cf962154a160fe78bcd69d6ccc296dd9175b1f"
  integrity sha512-ZWNoz/O8MPEpiajvj7QiqCY8tTLFNqNZ/a+s+zTV58wFVNAvvqV4bdGfnsjTb5Cs4V6wEsLrX8XRhmnyYJ2Tdg==

abbrev@1:
  version "1.1.1"
  resolved "https://registry.yarnpkg.com/abbrev/-/abbrev-1.1.1.tgz#f8f2c887ad10bf67f634f005b6987fed3179aac8"
  integrity sha512-nne9/IiQ/hzIhY6pdDnbBtz7DjPTKrY00P/zvPSm5pOFkl6xuGrGnXn/VtTNNfNtAfZ9/1RtehkszU9qcTii0Q==

algoliasearch-helper@^3.4.4:
  version "3.4.4"
  resolved "https://registry.yarnpkg.com/algoliasearch-helper/-/algoliasearch-helper-3.4.4.tgz#f2eb46bc4d2f6fed82c7201b8ac4ce0a1988ae67"
  integrity sha512-OjyVLjykaYKCMxxRMZNiwLp8CS310E0qAeIY2NaublcmLAh8/SL19+zYHp7XCLtMem2ZXwl3ywMiA32O9jszuw==
  dependencies:
    events "^1.1.1"

algoliasearch@^4.8.5:
  version "4.8.5"
  resolved "https://registry.yarnpkg.com/algoliasearch/-/algoliasearch-4.8.5.tgz#17a97b01c46c1ac5c1cd99d950d65e7064c8b8a9"
  integrity sha512-GjKjpeevpePEJYinGokASNtIkl1t5EseNMlqDNAc+sXE8+iyyeqTyiJsN7bwlRG2BIremuslE/NlwdEfUuBLJw==
  dependencies:
    "@algolia/cache-browser-local-storage" "4.8.5"
    "@algolia/cache-common" "4.8.5"
    "@algolia/cache-in-memory" "4.8.5"
    "@algolia/client-account" "4.8.5"
    "@algolia/client-analytics" "4.8.5"
    "@algolia/client-common" "4.8.5"
    "@algolia/client-recommendation" "4.8.5"
    "@algolia/client-search" "4.8.5"
    "@algolia/logger-common" "4.8.5"
    "@algolia/logger-console" "4.8.5"
    "@algolia/requester-browser-xhr" "4.8.5"
    "@algolia/requester-common" "4.8.5"
    "@algolia/requester-node-http" "4.8.5"
    "@algolia/transporter" "4.8.5"

bulma@^0.9.2:
  version "0.9.2"
  resolved "https://registry.yarnpkg.com/bulma/-/bulma-0.9.2.tgz#340011e119c605f19b8ca886bfea595f1deaf23c"
  integrity sha512-e14EF+3VSZ488yL/lJH0tR8mFWiEQVCMi/BQUMi2TGMBOk+zrDg4wryuwm/+dRSHJw0gMawp2tsW7X1JYUCE3A==

classnames@^2.2.5:
  version "2.2.6"
  resolved "https://registry.yarnpkg.com/classnames/-/classnames-2.2.6.tgz#43935bffdd291f326dad0a205309b38d00f650ce"
  integrity sha512-JR/iSQOSt+LQIWwrwEzJ9uk0xfN3mTVYMwt1Ir5mUcSN6pU+V4zQFFaJsclJbPuAUQH+yfWef6tm7l1quW3C8Q==

colorette@^1.2.2:
  version "1.2.2"
  resolved "https://registry.yarnpkg.com/colorette/-/colorette-1.2.2.tgz#cbcc79d5e99caea2dbf10eb3a26fd8b3e6acfa94"
  integrity sha512-MKGMzyfeuutC/ZJ1cba9NqcNpfeqMUcYmyF1ZFY6/Cn7CNSAKx6a+s48sqLqyAiZuaP2TcqMhoo+dlwFnVxT9w==

esbuild@^0.8.52:
  version "0.8.53"
  resolved "https://registry.yarnpkg.com/esbuild/-/esbuild-0.8.53.tgz#b408bb0ca1b29dab13d8bbf7d59f59afe6776e86"
  integrity sha512-GIaYGdMukH58hu+lf07XWAeESBYFAsz8fXnrylHDCbBXKOSNtFmoYA8PhSeSF+3/qzeJ0VjzV9AkLURo5yfu3g==

events@^1.1.0, events@^1.1.1:
  version "1.1.1"
  resolved "https://registry.yarnpkg.com/events/-/events-1.1.1.tgz#9ebdb7635ad099c70dcc4c2a1f5004288e8bd924"
  integrity sha1-nr23Y1rQmccNzEwqH1AEKI6L2SQ=

fsevents@~2.3.1:
  version "2.3.2"
  resolved "https://registry.yarnpkg.com/fsevents/-/fsevents-2.3.2.tgz#8a526f78b8fdf4623b709e0b975c52c24c02fd1a"
  integrity sha512-xiqMQR4xAeHTuB9uWm+fFRcIOgKBMiOBP+eXiyT7jsgVCq1bkVygt00oASowB7EdtpOHaaPgKt812P9ab+DDKA==

function-bind@^1.1.1:
  version "1.1.1"
  resolved "https://registry.yarnpkg.com/function-bind/-/function-bind-1.1.1.tgz#a56899d3ea3c9bab874bb9773b7c5ede92f4895d"
  integrity sha512-yIovAzMX49sF8Yl58fSCWJ5svSLuaibPxXQJFLmBObTuCr0Mf1KiPopGM9NiFjiYBCbfaa2Fh6breQ6ANVTI0A==

has@^1.0.3:
  version "1.0.3"
  resolved "https://registry.yarnpkg.com/has/-/has-1.0.3.tgz#722d7cbfc1f6aa8241f16dd814e011e1f41e8796"
  integrity sha512-f2dvO0VU6Oej7RkWJGrehjbzMAjFp5/VKPp5tTpWIV4JHHZK1/BxbFRtf/siA2SWTe09caDmVtYYzWEIbBS4zw==
  dependencies:
    function-bind "^1.1.1"

hogan.js@^3.0.2:
  version "3.0.2"
  resolved "https://registry.yarnpkg.com/hogan.js/-/hogan.js-3.0.2.tgz#4cd9e1abd4294146e7679e41d7898732b02c7bfd"
  integrity sha1-TNnhq9QpQUbnZ55B14mHMrAse/0=
  dependencies:
    mkdirp "0.3.0"
    nopt "1.0.10"

instantsearch.js@^4.15.0:
  version "4.15.0"
  resolved "https://registry.yarnpkg.com/instantsearch.js/-/instantsearch.js-4.15.0.tgz#d25559ebeebfb0bbf7d3b0f84bc56abc0d9b68c9"
  integrity sha512-kI7MBKfQXFhgOWXo2wJ//mt9lD+TY1yqBRNZVdTCAPSBzuyL42scghGB5kz3PVzlxxYX5a/sTX6iTS8hX3jOJw==
  dependencies:
    "@types/googlemaps" "^3.39.6"
    algoliasearch-helper "^3.4.4"
    classnames "^2.2.5"
    events "^1.1.0"
    hogan.js "^3.0.2"
    preact "^10.0.0"
    prop-types "^15.5.10"
    qs "^6.5.1"

is-core-module@^2.2.0:
  version "2.2.0"
  resolved "https://registry.yarnpkg.com/is-core-module/-/is-core-module-2.2.0.tgz#97037ef3d52224d85163f5597b2b63d9afed981a"
  integrity sha512-XRAfAdyyY5F5cOXn7hYQDqh2Xmii+DEfIcQGxK/uNwMHhIkPWO0g8msXcbzLe+MpGoR951MlqM/2iIlU4vKDdQ==
  dependencies:
    has "^1.0.3"

"js-tokens@^3.0.0 || ^4.0.0":
  version "4.0.0"
  resolved "https://registry.yarnpkg.com/js-tokens/-/js-tokens-4.0.0.tgz#19203fb59991df98e3a287050d4647cdeaf32499"
  integrity sha512-RdJUflcE3cUzKiMqQgsCu06FPu9UdIJO0beYbPhHN4k6apgJtifcoCtT9bcxOpYBtpD2kCM6Sbzg4CausW/PKQ==

loose-envify@^1.4.0:
  version "1.4.0"
  resolved "https://registry.yarnpkg.com/loose-envify/-/loose-envify-1.4.0.tgz#71ee51fa7be4caec1a63839f7e682d8132d30caf"
  integrity sha512-lyuxPGr/Wfhrlem2CL/UcnUc1zcqKAImBDzukY7Y5F/yQiNdko6+fRLevlw1HgMySw7f611UIY408EtxRSoK3Q==
  dependencies:
    js-tokens "^3.0.0 || ^4.0.0"

mkdirp@0.3.0:
  version "0.3.0"
  resolved "https://registry.yarnpkg.com/mkdirp/-/mkdirp-0.3.0.tgz#1bbf5ab1ba827af23575143490426455f481fe1e"
  integrity sha1-G79asbqCevI1dRQ0kEJkVfSB/h4=

nanoid@^3.1.23:
  version "3.1.23"
  resolved "https://registry.yarnpkg.com/nanoid/-/nanoid-3.1.23.tgz#f744086ce7c2bc47ee0a8472574d5c78e4183a81"
  integrity sha512-FiB0kzdP0FFVGDKlRLEQ1BgDzU87dy5NnzjeW9YZNt+/c3+q82EQDUwniSAUxp/F0gFNI1ZhKU1FqYsMuqZVnw==

nopt@1.0.10:
  version "1.0.10"
  resolved "https://registry.yarnpkg.com/nopt/-/nopt-1.0.10.tgz#6ddd21bd2a31417b92727dd585f8a6f37608ebee"
  integrity sha1-bd0hvSoxQXuScn3Vhfim83YI6+4=
  dependencies:
    abbrev "1"

object-assign@^4.1.1:
  version "4.1.1"
  resolved "https://registry.yarnpkg.com/object-assign/-/object-assign-4.1.1.tgz#2109adc7965887cfc05cbbd442cac8bfbb360863"
  integrity sha1-IQmtx5ZYh8/AXLvUQsrIv7s2CGM=

path-parse@^1.0.6:
  version "1.0.6"
  resolved "https://registry.yarnpkg.com/path-parse/-/path-parse-1.0.6.tgz#d62dbb5679405d72c4737ec58600e9ddcf06d24c"
  integrity sha512-GSmOT2EbHrINBf9SR7CDELwlJ8AENk3Qn7OikK4nFYAu3Ote2+JYNVvkpAEQm3/TLNEJFD/xZJjzyxg3KBWOzw==

postcss@^8.2.1:
  version "8.2.15"
  resolved "https://registry.yarnpkg.com/postcss/-/postcss-8.2.15.tgz#9e66ccf07292817d226fc315cbbf9bc148fbca65"
  integrity sha512-2zO3b26eJD/8rb106Qu2o7Qgg52ND5HPjcyQiK2B98O388h43A448LCslC0dI2P97wCAQRJsFvwTRcXxTKds+Q==
  dependencies:
    colorette "^1.2.2"
    nanoid "^3.1.23"
    source-map "^0.6.1"

preact@^10.0.0:
  version "10.5.12"
  resolved "https://registry.yarnpkg.com/preact/-/preact-10.5.12.tgz#6a8ee8bf40a695c505df9abebacd924e4dd37704"
  integrity sha512-r6siDkuD36oszwlCkcqDJCAKBQxGoeEGytw2DGMD5A/GGdu5Tymw+N2OBXwvOLxg6d1FeY8MgMV3cc5aVQo4Cg==

prop-types@^15.5.10:
  version "15.7.2"
  resolved "https://registry.yarnpkg.com/prop-types/-/prop-types-15.7.2.tgz#52c41e75b8c87e72b9d9360e0206b99dcbffa6c5"
  integrity sha512-8QQikdH7//R2vurIJSutZ1smHYTcLpRWEOlHnzcWHmBYrOGUysKwSsrC89BCiFj3CbrfJ/nXFdJepOVrY1GCHQ==
  dependencies:
    loose-envify "^1.4.0"
    object-assign "^4.1.1"
    react-is "^16.8.1"

qs@^6.5.1:
  version "6.9.6"
  resolved "https://registry.yarnpkg.com/qs/-/qs-6.9.6.tgz#26ed3c8243a431b2924aca84cc90471f35d5a0ee"
  integrity sha512-TIRk4aqYLNoJUbd+g2lEdz5kLWIuTMRagAXxl78Q0RiVjAOugHmeKNGdd3cwo/ktpf9aL9epCfFqWDEKysUlLQ==

react-is@^16.8.1:
  version "16.13.1"
  resolved "https://registry.yarnpkg.com/react-is/-/react-is-16.13.1.tgz#789729a4dc36de2999dc156dd6c1d9c18cea56a4"
  integrity sha512-24e6ynE2H+OKt4kqsOvNd8kBpV65zoxbA4BVsEOB3ARVWQki/DHzaUoC5KuON/BiccDaCCTZBuOcfZs70kR8bQ==

resolve@^1.19.0:
  version "1.20.0"
  resolved "https://registry.yarnpkg.com/resolve/-/resolve-1.20.0.tgz#629a013fb3f70755d6f0b7935cc1c2c5378b1975"
  integrity sha512-wENBPt4ySzg4ybFQW2TT1zMQucPK95HSh/nq2CFTZVOGut2+pQvSsgtda4d26YrYcr067wjbmzOG8byDPBX63A==
  dependencies:
    is-core-module "^2.2.0"
    path-parse "^1.0.6"

rollup@^2.38.5:
  version "2.40.0"
  resolved "https://registry.yarnpkg.com/rollup/-/rollup-2.40.0.tgz#efc218eaede7ab590954df50f96195188999c304"
  integrity sha512-WiOGAPbXoHu+TOz6hyYUxIksOwsY/21TRWoO593jgYt8mvYafYqQl+axaA8y1z2HFazNUUrsMSjahV2A6/2R9A==
  optionalDependencies:
    fsevents "~2.3.1"

source-map@^0.6.1:
  version "0.6.1"
  resolved "https://registry.yarnpkg.com/source-map/-/source-map-0.6.1.tgz#74722af32e9614e9c287a8d0bbde48b5e2f1a263"
  integrity sha512-UjgapumWlbMhkBgzT7Ykc5YXUT46F0iKu8SGXq0bcwP5dz/h0Plj6enJqjz1Zbq2l5WaqYnrVbwWOWMyF3F47g==

vite@^2.0.1:
  version "2.0.4"
  resolved "https://registry.yarnpkg.com/vite/-/vite-2.0.4.tgz#063532a4139b59a067297d8ebb5960d450907a09"
  integrity sha512-+PP89D7AKXFE4gps8c5+4eP5yXTh5qCogjdYX7iSsIxbLZAa26JoGSq6OLk0qdb/fqDh7gtJqGiLbG2V6NvkKQ==
  dependencies:
    esbuild "^0.8.52"
    postcss "^8.2.1"
    resolve "^1.19.0"
    rollup "^2.38.5"
  optionalDependencies:
    fsevents "~2.3.1"
